// !$*UTF8*$!
{
	archiveVersion = 1;
	classes = {
	};
	objectVersion = 50;
	objects = {

/* Begin PBXBuildFile section */
		F51E9AAC26BA98DE00B1E389 /* AllCitiesTableViewController.swift in Sources */ = {isa = PBXBuildFile; fileRef = F51E9AAB26BA98DE00B1E389 /* AllCitiesTableViewController.swift */; };
		F51E9AAF26BA990300B1E389 /* AllCitiesTableViewCell.swift in Sources */ = {isa = PBXBuildFile; fileRef = F51E9AAE26BA990300B1E389 /* AllCitiesTableViewCell.swift */; };
		F51E9AB126BAA07400B1E389 /* MyCitiesTableViewController.swift in Sources */ = {isa = PBXBuildFile; fileRef = F51E9AB026BAA07400B1E389 /* MyCitiesTableViewController.swift */; };
		F51E9AB326BAA08600B1E389 /* MyCitiesTableViewCell.swift in Sources */ = {isa = PBXBuildFile; fileRef = F51E9AB226BAA08600B1E389 /* MyCitiesTableViewCell.swift */; };
		F51E9AB526BAA64500B1E389 /* WeatherCollectionViewController.swift in Sources */ = {isa = PBXBuildFile; fileRef = F51E9AB426BAA64500B1E389 /* WeatherCollectionViewController.swift */; };
		F51E9AB726BAA64F00B1E389 /* WeatherCollectionViewCell.swift in Sources */ = {isa = PBXBuildFile; fileRef = F51E9AB626BAA64F00B1E389 /* WeatherCollectionViewCell.swift */; };
		F597C81426B96B4D00331CDF /* UIViewController+Alert.swift in Sources */ = {isa = PBXBuildFile; fileRef = F597C81326B96B4D00331CDF /* UIViewController+Alert.swift */; };
		F5EA5C0826B82552001A7535 /* AppDelegate.swift in Sources */ = {isa = PBXBuildFile; fileRef = F5EA5C0726B82552001A7535 /* AppDelegate.swift */; };
		F5EA5C0A26B82552001A7535 /* SceneDelegate.swift in Sources */ = {isa = PBXBuildFile; fileRef = F5EA5C0926B82552001A7535 /* SceneDelegate.swift */; };
		F5EA5C0C26B82552001A7535 /* LoginViewController.swift in Sources */ = {isa = PBXBuildFile; fileRef = F5EA5C0B26B82552001A7535 /* LoginViewController.swift */; };
		F5EA5C0F26B82552001A7535 /* Main.storyboard in Resources */ = {isa = PBXBuildFile; fileRef = F5EA5C0D26B82552001A7535 /* Main.storyboard */; };
		F5EA5C1126B82554001A7535 /* Assets.xcassets in Resources */ = {isa = PBXBuildFile; fileRef = F5EA5C1026B82554001A7535 /* Assets.xcassets */; };
		F5EA5C1426B82554001A7535 /* LaunchScreen.storyboard in Resources */ = {isa = PBXBuildFile; fileRef = F5EA5C1226B82554001A7535 /* LaunchScreen.storyboard */; };
		F5EDE65C26BBF07200695CE3 /* GradientView.swift in Sources */ = {isa = PBXBuildFile; fileRef = F5EDE65B26BBF07200695CE3 /* GradientView.swift */; };
		F5EDE65E26BBF6F000695CE3 /* WeekDayPickerControl.swift in Sources */ = {isa = PBXBuildFile; fileRef = F5EDE65D26BBF6F000695CE3 /* WeekDayPickerControl.swift */; };
		F5EDE69D26C17B6B00695CE3 /* WeatherLayout.swift in Sources */ = {isa = PBXBuildFile; fileRef = F5EDE69C26C17B6B00695CE3 /* WeatherLayout.swift */; };
/* End PBXBuildFile section */

/* Begin PBXFileReference section */
		F51E9AAB26BA98DE00B1E389 /* AllCitiesTableViewController.swift */ = {isa = PBXFileReference; lastKnownFileType = sourcecode.swift; path = AllCitiesTableViewController.swift; sourceTree = "<group>"; };
		F51E9AAE26BA990300B1E389 /* AllCitiesTableViewCell.swift */ = {isa = PBXFileReference; lastKnownFileType = sourcecode.swift; path = AllCitiesTableViewCell.swift; sourceTree = "<group>"; };
		F51E9AB026BAA07400B1E389 /* MyCitiesTableViewController.swift */ = {isa = PBXFileReference; lastKnownFileType = sourcecode.swift; path = MyCitiesTableViewController.swift; sourceTree = "<group>"; };
		F51E9AB226BAA08600B1E389 /* MyCitiesTableViewCell.swift */ = {isa = PBXFileReference; lastKnownFileType = sourcecode.swift; path = MyCitiesTableViewCell.swift; sourceTree = "<group>"; };
		F51E9AB426BAA64500B1E389 /* WeatherCollectionViewController.swift */ = {isa = PBXFileReference; lastKnownFileType = sourcecode.swift; path = WeatherCollectionViewController.swift; sourceTree = "<group>"; };
		F51E9AB626BAA64F00B1E389 /* WeatherCollectionViewCell.swift */ = {isa = PBXFileReference; lastKnownFileType = sourcecode.swift; path = WeatherCollectionViewCell.swift; sourceTree = "<group>"; };
		F597C81326B96B4D00331CDF /* UIViewController+Alert.swift */ = {isa = PBXFileReference; lastKnownFileType = sourcecode.swift; path = "UIViewController+Alert.swift"; sourceTree = "<group>"; };
		F5EA5C0426B82552001A7535 /* Weather.app */ = {isa = PBXFileReference; explicitFileType = wrapper.application; includeInIndex = 0; path = Weather.app; sourceTree = BUILT_PRODUCTS_DIR; };
		F5EA5C0726B82552001A7535 /* AppDelegate.swift */ = {isa = PBXFileReference; lastKnownFileType = sourcecode.swift; path = AppDelegate.swift; sourceTree = "<group>"; };
		F5EA5C0926B82552001A7535 /* SceneDelegate.swift */ = {isa = PBXFileReference; lastKnownFileType = sourcecode.swift; path = SceneDelegate.swift; sourceTree = "<group>"; };
		F5EA5C0B26B82552001A7535 /* LoginViewController.swift */ = {isa = PBXFileReference; lastKnownFileType = sourcecode.swift; path = LoginViewController.swift; sourceTree = "<group>"; };
		F5EA5C0E26B82552001A7535 /* Base */ = {isa = PBXFileReference; lastKnownFileType = file.storyboard; name = Base; path = Base.lproj/Main.storyboard; sourceTree = "<group>"; };
		F5EA5C1026B82554001A7535 /* Assets.xcassets */ = {isa = PBXFileReference; lastKnownFileType = folder.assetcatalog; path = Assets.xcassets; sourceTree = "<group>"; };
		F5EA5C1326B82554001A7535 /* Base */ = {isa = PBXFileReference; lastKnownFileType = file.storyboard; name = Base; path = Base.lproj/LaunchScreen.storyboard; sourceTree = "<group>"; };
		F5EA5C1526B82554001A7535 /* Info.plist */ = {isa = PBXFileReference; lastKnownFileType = text.plist.xml; path = Info.plist; sourceTree = "<group>"; };
		F5EDE65B26BBF07200695CE3 /* GradientView.swift */ = {isa = PBXFileReference; lastKnownFileType = sourcecode.swift; path = GradientView.swift; sourceTree = "<group>"; };
		F5EDE65D26BBF6F000695CE3 /* WeekDayPickerControl.swift */ = {isa = PBXFileReference; lastKnownFileType = sourcecode.swift; path = WeekDayPickerControl.swift; sourceTree = "<group>"; };
		F5EDE69C26C17B6B00695CE3 /* WeatherLayout.swift */ = {isa = PBXFileReference; lastKnownFileType = sourcecode.swift; path = WeatherLayout.swift; sourceTree = "<group>"; };
/* End PBXFileReference section */

/* Begin PBXFrameworksBuildPhase section */
		F5EA5C0126B82552001A7535 /* Frameworks */ = {
			isa = PBXFrameworksBuildPhase;
			buildActionMask = 2147483647;
			files = (
			);
			runOnlyForDeploymentPostprocessing = 0;
		};
/* End PBXFrameworksBuildPhase section */

/* Begin PBXGroup section */
		F51E9AAD26BA98EE00B1E389 /* Cells */ = {
			isa = PBXGroup;
			children = (
				F51E9AAE26BA990300B1E389 /* AllCitiesTableViewCell.swift */,
				F51E9AB226BAA08600B1E389 /* MyCitiesTableViewCell.swift */,
				F51E9AB626BAA64F00B1E389 /* WeatherCollectionViewCell.swift */,
			);
			path = Cells;
			sourceTree = "<group>";
		};
		F597C81526B96B6700331CDF /* Helpers */ = {
			isa = PBXGroup;
			children = (
				F597C81326B96B4D00331CDF /* UIViewController+Alert.swift */,
			);
			path = Helpers;
			sourceTree = "<group>";
		};
		F5EA5BFB26B82552001A7535 = {
			isa = PBXGroup;
			children = (
				F5EA5C0626B82552001A7535 /* Weather */,
				F5EA5C0526B82552001A7535 /* Products */,
			);
			sourceTree = "<group>";
		};
		F5EA5C0526B82552001A7535 /* Products */ = {
			isa = PBXGroup;
			children = (
				F5EA5C0426B82552001A7535 /* Weather.app */,
			);
			name = Products;
			sourceTree = "<group>";
		};
		F5EA5C0626B82552001A7535 /* Weather */ = {
			isa = PBXGroup;
			children = (
				F597C81526B96B6700331CDF /* Helpers */,
				F5EA5C1B26B82590001A7535 /* Application */,
				F5EA5C1C26B825AD001A7535 /* View */,
				F5EA5C1D26B825B2001A7535 /* Controller */,
			);
			path = Weather;
			sourceTree = "<group>";
		};
		F5EA5C1B26B82590001A7535 /* Application */ = {
			isa = PBXGroup;
			children = (
				F5EA5C1026B82554001A7535 /* Assets.xcassets */,
				F5EA5C1226B82554001A7535 /* LaunchScreen.storyboard */,
				F5EA5C1526B82554001A7535 /* Info.plist */,
				F5EA5C0726B82552001A7535 /* AppDelegate.swift */,
				F5EA5C0926B82552001A7535 /* SceneDelegate.swift */,
			);
			path = Application;
			sourceTree = "<group>";
		};
		F5EA5C1C26B825AD001A7535 /* View */ = {
			isa = PBXGroup;
			children = (
				F51E9AAD26BA98EE00B1E389 /* Cells */,
				F5EA5C0D26B82552001A7535 /* Main.storyboard */,
				F5EDE65B26BBF07200695CE3 /* GradientView.swift */,
				F5EDE65D26BBF6F000695CE3 /* WeekDayPickerControl.swift */,
				F5EDE69C26C17B6B00695CE3 /* WeatherLayout.swift */,
			);
			path = View;
			sourceTree = "<group>";
		};
		F5EA5C1D26B825B2001A7535 /* Controller */ = {
			isa = PBXGroup;
			children = (
				F5EA5C0B26B82552001A7535 /* LoginViewController.swift */,
				F51E9AAB26BA98DE00B1E389 /* AllCitiesTableViewController.swift */,
				F51E9AB026BAA07400B1E389 /* MyCitiesTableViewController.swift */,
				F51E9AB426BAA64500B1E389 /* WeatherCollectionViewController.swift */,
			);
			path = Controller;
			sourceTree = "<group>";
		};
/* End PBXGroup section */

/* Begin PBXNativeTarget section */
		F5EA5C0326B82552001A7535 /* Weather */ = {
			isa = PBXNativeTarget;
			buildConfigurationList = F5EA5C1826B82554001A7535 /* Build configuration list for PBXNativeTarget "Weather" */;
			buildPhases = (
				F5EA5C0026B82552001A7535 /* Sources */,
				F5EA5C0126B82552001A7535 /* Frameworks */,
				F5EA5C0226B82552001A7535 /* Resources */,
			);
			buildRules = (
			);
			dependencies = (
			);
			name = Weather;
			productName = Weather;
			productReference = F5EA5C0426B82552001A7535 /* Weather.app */;
			productType = "com.apple.product-type.application";
		};
/* End PBXNativeTarget section */

/* Begin PBXProject section */
		F5EA5BFC26B82552001A7535 /* Project object */ = {
			isa = PBXProject;
			attributes = {
				LastSwiftUpdateCheck = 1250;
				LastUpgradeCheck = 1250;
				TargetAttributes = {
					F5EA5C0326B82552001A7535 = {
						CreatedOnToolsVersion = 12.5.1;
					};
				};
			};
			buildConfigurationList = F5EA5BFF26B82552001A7535 /* Build configuration list for PBXProject "Weather" */;
			compatibilityVersion = "Xcode 9.3";
			developmentRegion = en;
			hasScannedForEncodings = 0;
			knownRegions = (
				en,
				Base,
			);
			mainGroup = F5EA5BFB26B82552001A7535;
			productRefGroup = F5EA5C0526B82552001A7535 /* Products */;
			projectDirPath = "";
			projectRoot = "";
			targets = (
				F5EA5C0326B82552001A7535 /* Weather */,
			);
		};
/* End PBXProject section */

/* Begin PBXResourcesBuildPhase section */
		F5EA5C0226B82552001A7535 /* Resources */ = {
			isa = PBXResourcesBuildPhase;
			buildActionMask = 2147483647;
			files = (
				F5EA5C1426B82554001A7535 /* LaunchScreen.storyboard in Resources */,
				F5EA5C1126B82554001A7535 /* Assets.xcassets in Resources */,
				F5EA5C0F26B82552001A7535 /* Main.storyboard in Resources */,
			);
			runOnlyForDeploymentPostprocessing = 0;
		};
/* End PBXResourcesBuildPhase section */

/* Begin PBXSourcesBuildPhase section */
		F5EA5C0026B82552001A7535 /* Sources */ = {
			isa = PBXSourcesBuildPhase;
			buildActionMask = 2147483647;
			files = (
				F51E9AB526BAA64500B1E389 /* WeatherCollectionViewController.swift in Sources */,
				F51E9AB326BAA08600B1E389 /* MyCitiesTableViewCell.swift in Sources */,
				F5EDE65E26BBF6F000695CE3 /* WeekDayPickerControl.swift in Sources */,
				F5EDE65C26BBF07200695CE3 /* GradientView.swift in Sources */,
				F5EA5C0C26B82552001A7535 /* LoginViewController.swift in Sources */,
				F5EA5C0826B82552001A7535 /* AppDelegate.swift in Sources */,
				F51E9AB126BAA07400B1E389 /* MyCitiesTableViewController.swift in Sources */,
				F51E9AB726BAA64F00B1E389 /* WeatherCollectionViewCell.swift in Sources */,
				F5EA5C0A26B82552001A7535 /* SceneDelegate.swift in Sources */,
				F597C81426B96B4D00331CDF /* UIViewController+Alert.swift in Sources */,
				F51E9AAF26BA990300B1E389 /* AllCitiesTableViewCell.swift in Sources */,
				F5EDE69D26C17B6B00695CE3 /* WeatherLayout.swift in Sources */,
				F51E9AAC26BA98DE00B1E389 /* AllCitiesTableViewController.swift in Sources */,
			);
			runOnlyForDeploymentPostprocessing = 0;
		};
/* End PBXSourcesBuildPhase section */

/* Begin PBXVariantGroup section */
		F5EA5C0D26B82552001A7535 /* Main.storyboard */ = {
			isa = PBXVariantGroup;
			children = (
				F5EA5C0E26B82552001A7535 /* Base */,
			);
			name = Main.storyboard;
			sourceTree = "<group>";
		};
		F5EA5C1226B82554001A7535 /* LaunchScreen.storyboard */ = {
			isa = PBXVariantGroup;
			children = (
				F5EA5C1326B82554001A7535 /* Base */,
			);
			name = LaunchScreen.storyboard;
			sourceTree = "<group>";
		};
/* End PBXVariantGroup section */

/* Begin XCBuildConfiguration section */
		F5EA5C1626B82554001A7535 /* Debug */ = {
			isa = XCBuildConfiguration;
			buildSettings = {
				ALWAYS_SEARCH_USER_PATHS = NO;
				CLANG_ANALYZER_NONNULL = YES;
				CLANG_ANALYZER_NUMBER_OBJECT_CONVERSION = YES_AGGRESSIVE;
				CLANG_CXX_LANGUAGE_STANDARD = "gnu++14";
				CLANG_CXX_LIBRARY = "libc++";
				CLANG_ENABLE_MODULES = YES;
				CLANG_ENABLE_OBJC_ARC = YES;
				CLANG_ENABLE_OBJC_WEAK = YES;
				CLANG_WARN_BLOCK_CAPTURE_AUTORELEASING = YES;
				CLANG_WARN_BOOL_CONVERSION = YES;
				CLANG_WARN_COMMA = YES;
				CLANG_WARN_CONSTANT_CONVERSION = YES;
				CLANG_WARN_DEPRECATED_OBJC_IMPLEMENTATIONS = YES;
				CLANG_WARN_DIRECT_OBJC_ISA_USAGE = YES_ERROR;
				CLANG_WARN_DOCUMENTATION_COMMENTS = YES;
				CLANG_WARN_EMPTY_BODY = YES;
				CLANG_WARN_ENUM_CONVERSION = YES;
				CLANG_WARN_INFINITE_RECURSION = YES;
				CLANG_WARN_INT_CONVERSION = YES;
				CLANG_WARN_NON_LITERAL_NULL_CONVERSION = YES;
				CLANG_WARN_OBJC_IMPLICIT_RETAIN_SELF = YES;
				CLANG_WARN_OBJC_LITERAL_CONVERSION = YES;
				CLANG_WARN_OBJC_ROOT_CLASS = YES_ERROR;
				CLANG_WARN_QUOTED_INCLUDE_IN_FRAMEWORK_HEADER = YES;
				CLANG_WARN_RANGE_LOOP_ANALYSIS = YES;
				CLANG_WARN_STRICT_PROTOTYPES = YES;
				CLANG_WARN_SUSPICIOUS_MOVE = YES;
				CLANG_WARN_UNGUARDED_AVAILABILITY = YES_AGGRESSIVE;
				CLANG_WARN_UNREACHABLE_CODE = YES;
				CLANG_WARN__DUPLICATE_METHOD_MATCH = YES;
				COPY_PHASE_STRIP = NO;
				DEBUG_INFORMATION_FORMAT = dwarf;
				ENABLE_STRICT_OBJC_MSGSEND = YES;
				ENABLE_TESTABILITY = YES;
				GCC_C_LANGUAGE_STANDARD = gnu11;
				GCC_DYNAMIC_NO_PIC = NO;
				GCC_NO_COMMON_BLOCKS = YES;
				GCC_OPTIMIZATION_LEVEL = 0;
				GCC_PREPROCESSOR_DEFINITIONS = (
					"DEBUG=1",
					"$(inherited)",
				);
				GCC_WARN_64_TO_32_BIT_CONVERSION = YES;
				GCC_WARN_ABOUT_RETURN_TYPE = YES_ERROR;
				GCC_WARN_UNDECLARED_SELECTOR = YES;
				GCC_WARN_UNINITIALIZED_AUTOS = YES_AGGRESSIVE;
				GCC_WARN_UNUSED_FUNCTION = YES;
				GCC_WARN_UNUSED_VARIABLE = YES;
				IPHONEOS_DEPLOYMENT_TARGET = 14.5;
				MTL_ENABLE_DEBUG_INFO = INCLUDE_SOURCE;
				MTL_FAST_MATH = YES;
				ONLY_ACTIVE_ARCH = YES;
				SDKROOT = iphoneos;
				SWIFT_ACTIVE_COMPILATION_CONDITIONS = DEBUG;
				SWIFT_OPTIMIZATION_LEVEL = "-Onone";
			};
			name = Debug;
		};
		F5EA5C1726B82554001A7535 /* Release */ = {
			isa = XCBuildConfiguration;
			buildSettings = {
				ALWAYS_SEARCH_USER_PATHS = NO;
				CLANG_ANALYZER_NONNULL = YES;
				CLANG_ANALYZER_NUMBER_OBJECT_CONVERSION = YES_AGGRESSIVE;
				CLANG_CXX_LANGUAGE_STANDARD = "gnu++14";
				CLANG_CXX_LIBRARY = "libc++";
				CLANG_ENABLE_MODULES = YES;
				CLANG_ENABLE_OBJC_ARC = YES;
				CLANG_ENABLE_OBJC_WEAK = YES;
				CLANG_WARN_BLOCK_CAPTURE_AUTORELEASING = YES;
				CLANG_WARN_BOOL_CONVERSION = YES;
				CLANG_WARN_COMMA = YES;
				CLANG_WARN_CONSTANT_CONVERSION = YES;
				CLANG_WARN_DEPRECATED_OBJC_IMPLEMENTATIONS = YES;
				CLANG_WARN_DIRECT_OBJC_ISA_USAGE = YES_ERROR;
				CLANG_WARN_DOCUMENTATION_COMMENTS = YES;
				CLANG_WARN_EMPTY_BODY = YES;
				CLANG_WARN_ENUM_CONVERSION = YES;
				CLANG_WARN_INFINITE_RECURSION = YES;
				CLANG_WARN_INT_CONVERSION = YES;
				CLANG_WARN_NON_LITERAL_NULL_CONVERSION = YES;
				CLANG_WARN_OBJC_IMPLICIT_RETAIN_SELF = YES;
				CLANG_WARN_OBJC_LITERAL_CONVERSION = YES;
				CLANG_WARN_OBJC_ROOT_CLASS = YES_ERROR;
				CLANG_WARN_QUOTED_INCLUDE_IN_FRAMEWORK_HEADER = YES;
				CLANG_WARN_RANGE_LOOP_ANALYSIS = YES;
				CLANG_WARN_STRICT_PROTOTYPES = YES;
				CLANG_WARN_SUSPICIOUS_MOVE = YES;
				CLANG_WARN_UNGUARDED_AVAILABILITY = YES_AGGRESSIVE;
				CLANG_WARN_UNREACHABLE_CODE = YES;
				CLANG_WARN__DUPLICATE_METHOD_MATCH = YES;
				COPY_PHASE_STRIP = NO;
				DEBUG_INFORMATION_FORMAT = "dwarf-with-dsym";
				ENABLE_NS_ASSERTIONS = NO;
				ENABLE_STRICT_OBJC_MSGSEND = YES;
				GCC_C_LANGUAGE_STANDARD = gnu11;
				GCC_NO_COMMON_BLOCKS = YES;
				GCC_WARN_64_TO_32_BIT_CONVERSION = YES;
				GCC_WARN_ABOUT_RETURN_TYPE = YES_ERROR;
				GCC_WARN_UNDECLARED_SELECTOR = YES;
				GCC_WARN_UNINITIALIZED_AUTOS = YES_AGGRESSIVE;
				GCC_WARN_UNUSED_FUNCTION = YES;
				GCC_WARN_UNUSED_VARIABLE = YES;
				IPHONEOS_DEPLOYMENT_TARGET = 14.5;
				MTL_ENABLE_DEBUG_INFO = NO;
				MTL_FAST_MATH = YES;
				SDKROOT = iphoneos;
				SWIFT_COMPILATION_MODE = wholemodule;
				SWIFT_OPTIMIZATION_LEVEL = "-O";
				VALIDATE_PRODUCT = YES;
			};
			name = Release;
		};
		F5EA5C1926B82554001A7535 /* Debug */ = {
			isa = XCBuildConfiguration;
			buildSettings = {
				ASSETCATALOG_COMPILER_APPICON_NAME = AppIcon;
				ASSETCATALOG_COMPILER_GLOBAL_ACCENT_COLOR_NAME = AccentColor;
				CODE_SIGN_STYLE = Automatic;
				DEVELOPMENT_TEAM = L6HM64TB5U;
				INFOPLIST_FILE = Weather/Application/Info.plist;
				LD_RUNPATH_SEARCH_PATHS = (
					"$(inherited)",
					"@executable_path/Frameworks",
				);
				PRODUCT_BUNDLE_IDENTIFIER = VM.Weather;
				PRODUCT_NAME = "$(TARGET_NAME)";
				SWIFT_VERSION = 5.0;
				TARGETED_DEVICE_FAMILY = "1,2";
			};
			name = Debug;
		};
		F5EA5C1A26B82554001A7535 /* Release */ = {
			isa = XCBuildConfiguration;
			buildSettings = {
				ASSETCATALOG_COMPILER_APPICON_NAME = AppIcon;
				ASSETCATALOG_COMPILER_GLOBAL_ACCENT_COLOR_NAME = AccentColor;
				CODE_SIGN_STYLE = Automatic;
				DEVELOPMENT_TEAM = L6HM64TB5U;
				INFOPLIST_FILE = Weather/Application/Info.plist;
				LD_RUNPATH_SEARCH_PATHS = (
					"$(inherited)",
					"@executable_path/Frameworks",
				);
				PRODUCT_BUNDLE_IDENTIFIER = VM.Weather;
				PRODUCT_NAME = "$(TARGET_NAME)";
				SWIFT_VERSION = 5.0;
				TARGETED_DEVICE_FAMILY = "1,2";
			};
			name = Release;
		};
/* End XCBuildConfiguration section */

/* Begin XCConfigurationList section */
		F5EA5BFF26B82552001A7535 /* Build configuration list for PBXProject "Weather" */ = {
			isa = XCConfigurationList;
			buildConfigurations = (
				F5EA5C1626B82554001A7535 /* Debug */,
				F5EA5C1726B82554001A7535 /* Release */,
			);
			defaultConfigurationIsVisible = 0;
			defaultConfigurationName = Release;
		};
		F5EA5C1826B82554001A7535 /* Build configuration list for PBXNativeTarget "Weather" */ = {
			isa = XCConfigurationList;
			buildConfigurations = (
				F5EA5C1926B82554001A7535 /* Debug */,
				F5EA5C1A26B82554001A7535 /* Release */,
			);
			defaultConfigurationIsVisible = 0;
			defaultConfigurationName = Release;
		};
/* End XCConfigurationList section */
	};
	rootObject = F5EA5BFC26B82552001A7535 /* Project object */;
}
